
Microsoft Visual Studio Solution File, Format Version 12.00
# Visual Studio Version 17
VisualStudioVersion = 17.14.36518.9 d17.14
MinimumVisualStudioVersion = 10.0.40219.1
Project("{FAE04EC0-301F-11D3-BF4B-00C04F79EFBC}") = "Task_2_process", "Task_2_process\Task_2_process.csproj", "{AFFC37AD-6717-439F-961A-0BDDE0D1C171}"
EndProject
Global
	GlobalSection(SolutionConfigurationPlatforms) = preSolution
		Debug|Any CPU = Debug|Any CPU
		Release|Any CPU = Release|Any CPU
	EndGlobalSection
	GlobalSection(ProjectConfigurationPlatforms) = postSolution
		{AFFC37AD-6717-439F-961A-0BDDE0D1C171}.Debug|Any CPU.ActiveCfg = Debug|Any CPU
		{AFFC37AD-6717-439F-961A-0BDDE0D1C171}.Debug|Any CPU.Build.0 = Debug|Any CPU
		{AFFC37AD-6717-439F-961A-0BDDE0D1C171}.Release|Any CPU.ActiveCfg = Release|Any CPU
		{AFFC37AD-6717-439F-961A-0BDDE0D1C171}.Release|Any CPU.Build.0 = Release|Any CPU
	EndGlobalSection
	GlobalSection(SolutionProperties) = preSolution
		HideSolutionNode = FALSE
	EndGlobalSection
	GlobalSection(ExtensibilityGlobals) = postSolution
		SolutionGuid = {31F4A13A-E890-4CDD-9ECB-2A3D539A83D9}
	EndGlobalSection
EndGlobal
