
Microsoft Visual Studio Solution File, Format Version 12.00
# Visual Studio Version 17
VisualStudioVersion = 17.12.35527.113 d17.12
MinimumVisualStudioVersion = 10.0.40219.1
Project("{FAE04EC0-301F-11D3-BF4B-00C04F79EFBC}") = "Day of the week", "Day of the week\Day of the week.csproj", "{CA856C94-D9AC-4C66-9790-DA7FC039BB9D}"
EndProject
Global
	GlobalSection(SolutionConfigurationPlatforms) = preSolution
		Debug|Any CPU = Debug|Any CPU
		Release|Any CPU = Release|Any CPU
	EndGlobalSection
	GlobalSection(ProjectConfigurationPlatforms) = postSolution
		{CA856C94-D9AC-4C66-9790-DA7FC039BB9D}.Debug|Any CPU.ActiveCfg = Debug|Any CPU
		{CA856C94-D9AC-4C66-9790-DA7FC039BB9D}.Debug|Any CPU.Build.0 = Debug|Any CPU
		{CA856C94-D9AC-4C66-9790-DA7FC039BB9D}.Release|Any CPU.ActiveCfg = Release|Any CPU
		{CA856C94-D9AC-4C66-9790-DA7FC039BB9D}.Release|Any CPU.Build.0 = Release|Any CPU
	EndGlobalSection
	GlobalSection(SolutionProperties) = preSolution
		HideSolutionNode = FALSE
	EndGlobalSection
EndGlobal
